
Microsoft Visual Studio Solution File, Format Version 12.00
# Visual Studio Version 16
VisualStudioVersion = 16.0.31702.278
MinimumVisualStudioVersion = 10.0.40219.1
Project("{FAE04EC0-301F-11D3-BF4B-00C04F79EFBC}") = "Builder", "DesignPatterns\Builder.csproj", "{E94660FE-08A8-4B08-AC42-151DD3805D5C}"
EndProject
Project("{2150E333-8FDC-42A3-9474-1A3956D46DE8}") = "Behavioral", "Behavioral", "{1AC2AA68-A1B8-46B9-9910-2CF59EC21B12}"
EndProject
Project("{2150E333-8FDC-42A3-9474-1A3956D46DE8}") = "Creational", "Creational", "{A88BEBA3-3C71-4767-A766-9C01C138D14A}"
EndProject
Project("{2150E333-8FDC-42A3-9474-1A3956D46DE8}") = "Struktural", "Struktural", "{5B8A1AAE-5D92-4978-94DF-2FE16B531196}"
EndProject
Project("{FAE04EC0-301F-11D3-BF4B-00C04F79EFBC}") = "Factory", "Factory\Factory.csproj", "{23DAEF3A-824C-42C7-9EB7-E05D8FCFCCB2}"
EndProject
Project("{FAE04EC0-301F-11D3-BF4B-00C04F79EFBC}") = "Strategy", "Strategy\Strategy.csproj", "{E4A339C0-311B-4BBE-ABBA-C059E6A08299}"
EndProject
Project("{FAE04EC0-301F-11D3-BF4B-00C04F79EFBC}") = "Adapter", "Adapter\Adapter.csproj", "{385A2753-A33F-41EA-9881-807FD04A5774}"
EndProject
Project("{FAE04EC0-301F-11D3-BF4B-00C04F79EFBC}") = "Facade", "Facade\Facade.csproj", "{BB2A44D4-21A2-46F6-BD96-401634232F2B}"
EndProject
Global
	GlobalSection(SolutionConfigurationPlatforms) = preSolution
		Debug|Any CPU = Debug|Any CPU
		Release|Any CPU = Release|Any CPU
	EndGlobalSection
	GlobalSection(ProjectConfigurationPlatforms) = postSolution
		{E94660FE-08A8-4B08-AC42-151DD3805D5C}.Debug|Any CPU.ActiveCfg = Debug|Any CPU
		{E94660FE-08A8-4B08-AC42-151DD3805D5C}.Debug|Any CPU.Build.0 = Debug|Any CPU
		{E94660FE-08A8-4B08-AC42-151DD3805D5C}.Release|Any CPU.ActiveCfg = Release|Any CPU
		{E94660FE-08A8-4B08-AC42-151DD3805D5C}.Release|Any CPU.Build.0 = Release|Any CPU
		{23DAEF3A-824C-42C7-9EB7-E05D8FCFCCB2}.Debug|Any CPU.ActiveCfg = Debug|Any CPU
		{23DAEF3A-824C-42C7-9EB7-E05D8FCFCCB2}.Debug|Any CPU.Build.0 = Debug|Any CPU
		{23DAEF3A-824C-42C7-9EB7-E05D8FCFCCB2}.Release|Any CPU.ActiveCfg = Release|Any CPU
		{23DAEF3A-824C-42C7-9EB7-E05D8FCFCCB2}.Release|Any CPU.Build.0 = Release|Any CPU
		{E4A339C0-311B-4BBE-ABBA-C059E6A08299}.Debug|Any CPU.ActiveCfg = Debug|Any CPU
		{E4A339C0-311B-4BBE-ABBA-C059E6A08299}.Debug|Any CPU.Build.0 = Debug|Any CPU
		{E4A339C0-311B-4BBE-ABBA-C059E6A08299}.Release|Any CPU.ActiveCfg = Release|Any CPU
		{E4A339C0-311B-4BBE-ABBA-C059E6A08299}.Release|Any CPU.Build.0 = Release|Any CPU
		{385A2753-A33F-41EA-9881-807FD04A5774}.Debug|Any CPU.ActiveCfg = Debug|Any CPU
		{385A2753-A33F-41EA-9881-807FD04A5774}.Debug|Any CPU.Build.0 = Debug|Any CPU
		{385A2753-A33F-41EA-9881-807FD04A5774}.Release|Any CPU.ActiveCfg = Release|Any CPU
		{385A2753-A33F-41EA-9881-807FD04A5774}.Release|Any CPU.Build.0 = Release|Any CPU
		{BB2A44D4-21A2-46F6-BD96-401634232F2B}.Debug|Any CPU.ActiveCfg = Debug|Any CPU
		{BB2A44D4-21A2-46F6-BD96-401634232F2B}.Debug|Any CPU.Build.0 = Debug|Any CPU
		{BB2A44D4-21A2-46F6-BD96-401634232F2B}.Release|Any CPU.ActiveCfg = Release|Any CPU
		{BB2A44D4-21A2-46F6-BD96-401634232F2B}.Release|Any CPU.Build.0 = Release|Any CPU
	EndGlobalSection
	GlobalSection(SolutionProperties) = preSolution
		HideSolutionNode = FALSE
	EndGlobalSection
	GlobalSection(NestedProjects) = preSolution
		{E94660FE-08A8-4B08-AC42-151DD3805D5C} = {A88BEBA3-3C71-4767-A766-9C01C138D14A}
		{23DAEF3A-824C-42C7-9EB7-E05D8FCFCCB2} = {A88BEBA3-3C71-4767-A766-9C01C138D14A}
		{E4A339C0-311B-4BBE-ABBA-C059E6A08299} = {1AC2AA68-A1B8-46B9-9910-2CF59EC21B12}
		{385A2753-A33F-41EA-9881-807FD04A5774} = {5B8A1AAE-5D92-4978-94DF-2FE16B531196}
		{BB2A44D4-21A2-46F6-BD96-401634232F2B} = {5B8A1AAE-5D92-4978-94DF-2FE16B531196}
	EndGlobalSection
	GlobalSection(ExtensibilityGlobals) = postSolution
		SolutionGuid = {0422A5CE-224C-47D0-ADDF-8676A7D5D1A1}
	EndGlobalSection
EndGlobal
